// !$*UTF8*$!
{ archiveVersion = 1; classes = {}; objectVersion = 56; objects = {
0189424A5A60FED329FA868E = { isa = PBXResourcesBuildPhase; buildActionMask = 2147483647; files = (B70D2F1FAED795B3B7353E70,5171A6DAC37C8806FA38B971,); runOnlyForDeploymentPostprocessing = 0; };
03A1118FDAAC8A41A90BE8AC = { isa = PBXFileReference; lastKnownFileType = sourcecode.swift; path = "App/HorizonCameraApp.swift"; sourceTree = "<group>"; };
0500CD7BA9D4ED976FD35F00 = { isa = PBXBuildFile; fileRef = A4B079092235794423689BCC; };
05B51F70F4A688C636807E2B = { isa = PBXFileReference; lastKnownFileType = sourcecode.swift; path = "App/CameraModel.swift"; sourceTree = "<group>"; };
073A8887E26EB9EFBA6AD232 = { isa = PBXFileReference; lastKnownFileType = sourcecode.swift; path = "App/ImagePipeline.swift"; sourceTree = "<group>"; };
0A06C5E2DA34E686D888A695 = { isa = PBXNativeTarget; buildConfigurationList = BECB265224D91761C05FDA33; buildPhases = (9F3002A5D69B22D357A58AA9,99C7943D90D870A50ADE9160,); buildRules = (); dependencies = (2A21D9E9044D0B11FAFCCFE3,); name = HorizonCameraTests; productName = HorizonCameraTests; productReference = B7480EC88B7F22D0A4757273; productType = "com.apple.product-type.bundle.unit-test"; };
0F2D0208036E4C5A7D6F9AC0 = { isa = PBXFileReference; lastKnownFileType = sourcecode.swift; path = "Core/Geometry.swift"; sourceTree = "<group>"; };
145F79738D2564450B63B9A1 = { isa = PBXFileReference; lastKnownFileType = sourcecode.swift; path = "App/SubjectTracker.swift"; sourceTree = "<group>"; };
14C7ABF4C48B0371AB4364B0 = { isa = PBXFileReference; lastKnownFileType = sourcecode.swift; path = "Tests/HorizonCameraTests/AdvancedCameraTests.swift"; sourceTree = "<group>"; };
16BBAD68FCF98DF3AF3DCD2F = { isa = PBXFileReference; lastKnownFileType = sourcecode.swift; path = "App/MotionService.swift"; sourceTree = "<group>"; };
23ED8537F7F6A36DCEB2EE9B = { isa = PBXFileReference; lastKnownFileType = sourcecode.swift; path = "App/LiveTextDetector.swift"; sourceTree = "<group>"; };
2574296FF956C7116C0C40AD = { isa = PBXFileReference; lastKnownFileType = sourcecode.swift; path = "Core/RecordingTimeline.swift"; sourceTree = "<group>"; };
2A21D9E9044D0B11FAFCCFE3 = { isa = PBXTargetDependency; target = 7D1043473D55BFA90E8530D3; targetProxy = 3B07A601889A5C98A1E12C74; };
2D31021B4560F38FB3F12AFA = { isa = PBXBuildFile; fileRef = 16BBAD68FCF98DF3AF3DCD2F; };
319918214E81EB1CF4A43268 = { isa = PBXBuildFile; fileRef = 7AFA4FDA051780C83CC06983; };
3548182D3DDC47AC0298577F = { isa = PBXBuildFile; fileRef = 145F79738D2564450B63B9A1; };
38A007151ABE87CC01A5B6E9 = { isa = PBXFileReference; explicitFileType = wrapper.application; includeInIndex = 0; path = HorizonCamera.app; sourceTree = BUILT_PRODUCTS_DIR; };
3B07A601889A5C98A1E12C74 = { isa = PBXContainerItemProxy; containerPortal = 98F54143AB4E86B28C3AFEE0; proxyType = 1; remoteGlobalIDString = 7D1043473D55BFA90E8530D3; remoteInfo = HorizonCamera; };
40B8735EB24E86F1C48EB115 = { isa = PBXFileReference; lastKnownFileType = sourcecode.swift; path = "App/CameraSettingsView.swift"; sourceTree = "<group>"; };
4141995CF5A1FF5A819D4C72 = { isa = PBXBuildFile; fileRef = 073A8887E26EB9EFBA6AD232; };
4467BCA57ECCE19A93AC81F0 = { isa = PBXBuildFile; fileRef = 8B448C2E78321250EA296738; };
460BB159C9D1D0100275EDC4 = { isa = PBXBuildFile; fileRef = 5B571C80F662D338388F2A37; };
4838CAA709B2B6A12ECF1C7E = { isa = PBXBuildFile; fileRef = DE02B80000AF3E23D3EB941E; };
4DF1C43D2612EAF34AAC79D1 = { isa = PBXFileReference; lastKnownFileType = sourcecode.swift; path = "App/AdvancedCameraSupport.swift"; sourceTree = "<group>"; };
4F7768FD0099F458D0EF3518 = { isa = PBXBuildFile; fileRef = 4DF1C43D2612EAF34AAC79D1; };
5171A6DAC37C8806FA38B971 = { isa = PBXBuildFile; fileRef = E90D0F4DCACD254DB44C6F9B; };
5283471FF90C511CFE244FFF = { isa = XCBuildConfiguration; buildSettings = { ALWAYS_SEARCH_USER_PATHS = "NO"; CLANG_ENABLE_MODULES = "YES"; CLANG_ENABLE_OBJC_ARC = "YES"; IPHONEOS_DEPLOYMENT_TARGET = "17.0"; SDKROOT = "iphoneos"; SWIFT_VERSION = "5.0"; SWIFT_STRICT_CONCURRENCY = "minimal"; ENABLE_USER_SCRIPT_SANDBOXING = "YES"; DEBUG_INFORMATION_FORMAT = "dwarf-with-dsym"; SWIFT_OPTIMIZATION_LEVEL = "-O"; SWIFT_COMPILATION_MODE = "wholemodule"; }; name = Release; };
532DDC19413D98F8450D721B = { isa = PBXBuildFile; fileRef = 05B51F70F4A688C636807E2B; };
59BD0A3FF43B32849B319E64 = { isa = PBXFileReference; lastKnownFileType = text.plist.xml; path = "App/Info.plist"; sourceTree = "<group>"; };
59E1BEE911F66DA37FEBACDC = { isa = XCBuildConfiguration; buildSettings = { PRODUCT_BUNDLE_IDENTIFIER = "app.eyad.HorizonCamera"; PRODUCT_NAME = "$(TARGET_NAME)"; INFOPLIST_FILE = "App/Info.plist"; GENERATE_INFOPLIST_FILE = "NO"; TARGETED_DEVICE_FAMILY = "1"; SUPPORTED_PLATFORMS = "iphoneos iphonesimulator"; SUPPORTS_MACCATALYST = "NO"; SUPPORTS_MAC_DESIGNED_FOR_IPHONE_IPAD = "NO"; ASSETCATALOG_COMPILER_APPICON_NAME = "AppIcon"; MARKETING_VERSION = "1.0.0"; CURRENT_PROJECT_VERSION = "1"; CODE_SIGN_STYLE = "Automatic"; DEVELOPMENT_TEAM = ""; LD_RUNPATH_SEARCH_PATHS = "$(inherited) @executable_path/Frameworks"; SWIFT_EMIT_LOC_STRINGS = "NO"; ENABLE_BITCODE = "NO"; }; name = Debug; };
5B571C80F662D338388F2A37 = { isa = PBXFileReference; lastKnownFileType = sourcecode.swift; path = "Tests/HorizonCameraTests/PipelineTests.swift"; sourceTree = "<group>"; };
64292B1C2B2E13EAD8788FC8 = { isa = PBXGroup; children = (14C7ABF4C48B0371AB4364B0,5B571C80F662D338388F2A37,4DF1C43D2612EAF34AAC79D1,05B51F70F4A688C636807E2B,8B448C2E78321250EA296738,40B8735EB24E86F1C48EB115,7AFA4FDA051780C83CC06983,AFCF90DE269EA2EBB9063555,66BDD756CF18A1CD85A53A5C,A870BC4AB11E802B77811A39,03A1118FDAAC8A41A90BE8AC,073A8887E26EB9EFBA6AD232,23ED8537F7F6A36DCEB2EE9B,907078F0786120FA70628FB8,DE02B80000AF3E23D3EB941E,FF7ABA6EC1B2B22D43727C58,16BBAD68FCF98DF3AF3DCD2F,EE8BFB866EEF3076B0736B6A,F7E48C166B6329FFB0C49C8F,145F79738D2564450B63B9A1,0F2D0208036E4C5A7D6F9AC0,A4B079092235794423689BCC,2574296FF956C7116C0C40AD,C0566E27E6396AE20DE4036C,E90D0F4DCACD254DB44C6F9B,59BD0A3FF43B32849B319E64,FBDC4F23F93125BBEEAE800C,); sourceTree = "<group>"; };
66BDD756CF18A1CD85A53A5C = { isa = PBXFileReference; lastKnownFileType = sourcecode.swift; path = "App/CaptureLocation.swift"; sourceTree = "<group>"; };
7561BFB015D8F536760CB671 = { isa = PBXFrameworksBuildPhase; buildActionMask = 2147483647; files = (); runOnlyForDeploymentPostprocessing = 0; };
793D6D7C60BD6329D6F91FDB = { isa = XCConfigurationList; buildConfigurations = (AB52CB08E0FDF02BF6C67C33,5283471FF90C511CFE244FFF,); defaultConfigurationIsVisible = 0; defaultConfigurationName = Release; };
7AFA4FDA051780C83CC06983 = { isa = PBXFileReference; lastKnownFileType = sourcecode.swift; path = "App/CameraView.swift"; sourceTree = "<group>"; };
7D1043473D55BFA90E8530D3 = { isa = PBXNativeTarget; buildConfigurationList = D61E3363DEF3F4E448C68105; buildPhases = (BCE16DD0260827ECF338C787,7561BFB015D8F536760CB671,0189424A5A60FED329FA868E,); buildRules = (); dependencies = (); name = HorizonCamera; productName = HorizonCamera; productReference = 38A007151ABE87CC01A5B6E9; productType = "com.apple.product-type.application"; };
8686C8D52D42C132B2285D32 = { isa = PBXBuildFile; fileRef = AFCF90DE269EA2EBB9063555; };
8B448C2E78321250EA296738 = { isa = PBXFileReference; lastKnownFileType = sourcecode.swift; path = "App/CameraSettings.swift"; sourceTree = "<group>"; };
907078F0786120FA70628FB8 = { isa = PBXFileReference; lastKnownFileType = sourcecode.swift; path = "App/MediaLibrary.swift"; sourceTree = "<group>"; };
96AE4B927B97574D428D6D5A = { isa = PBXBuildFile; fileRef = F7E48C166B6329FFB0C49C8F; };
98F54143AB4E86B28C3AFEE0 = { isa = PBXProject; attributes = { BuildIndependentTargetsInParallel = YES; LastUpgradeCheck = 2600; TargetAttributes = { 7D1043473D55BFA90E8530D3 = { CreatedOnToolsVersion = 26.0; }; }; }; buildConfigurationList = 793D6D7C60BD6329D6F91FDB; compatibilityVersion = "Xcode 14.0"; developmentRegion = en; hasScannedForEncodings = 0; knownRegions = (en,Base); mainGroup = 64292B1C2B2E13EAD8788FC8; productRefGroup = FBDC4F23F93125BBEEAE800C; projectDirPath = ""; projectRoot = ""; targets = (7D1043473D55BFA90E8530D3,0A06C5E2DA34E686D888A695,); };
99C7943D90D870A50ADE9160 = { isa = PBXFrameworksBuildPhase; buildActionMask = 2147483647; files = (); runOnlyForDeploymentPostprocessing = 0; };
9DDEB05F99AF5F17D63E865D = { isa = PBXBuildFile; fileRef = A870BC4AB11E802B77811A39; };
9F3002A5D69B22D357A58AA9 = { isa = PBXSourcesBuildPhase; buildActionMask = 2147483647; files = (A06C175A6D3009ED287A7659,460BB159C9D1D0100275EDC4,); runOnlyForDeploymentPostprocessing = 0; };
9FDC2482B27252D113E5254A = { isa = PBXBuildFile; fileRef = 0F2D0208036E4C5A7D6F9AC0; };
A06C175A6D3009ED287A7659 = { isa = PBXBuildFile; fileRef = 14C7ABF4C48B0371AB4364B0; };
A4B079092235794423689BCC = { isa = PBXFileReference; lastKnownFileType = sourcecode.swift; path = "Core/MotionMath.swift"; sourceTree = "<group>"; };
A535FAD423116C59BFDABAE2 = { isa = PBXBuildFile; fileRef = EE8BFB866EEF3076B0736B6A; };
A870BC4AB11E802B77811A39 = { isa = PBXFileReference; lastKnownFileType = sourcecode.swift; path = "App/CaptureMetadata.swift"; sourceTree = "<group>"; };
A95C9059D71B242EFF8B70DB = { isa = PBXBuildFile; fileRef = 40B8735EB24E86F1C48EB115; };
AB52CB08E0FDF02BF6C67C33 = { isa = XCBuildConfiguration; buildSettings = { ALWAYS_SEARCH_USER_PATHS = "NO"; CLANG_ENABLE_MODULES = "YES"; CLANG_ENABLE_OBJC_ARC = "YES"; IPHONEOS_DEPLOYMENT_TARGET = "17.0"; SDKROOT = "iphoneos"; SWIFT_VERSION = "5.0"; SWIFT_STRICT_CONCURRENCY = "minimal"; ENABLE_USER_SCRIPT_SANDBOXING = "YES"; DEBUG_INFORMATION_FORMAT = "dwarf"; SWIFT_OPTIMIZATION_LEVEL = "-Onone"; SWIFT_COMPILATION_MODE = "incremental"; SWIFT_ACTIVE_COMPILATION_CONDITIONS = "DEBUG"; ENABLE_TESTABILITY = "YES"; }; name = Debug; };
AFCF90DE269EA2EBB9063555 = { isa = PBXFileReference; lastKnownFileType = sourcecode.swift; path = "App/CaptureEngine.swift"; sourceTree = "<group>"; };
B70D2F1FAED795B3B7353E70 = { isa = PBXBuildFile; fileRef = C0566E27E6396AE20DE4036C; };
B7480EC88B7F22D0A4757273 = { isa = PBXFileReference; explicitFileType = wrapper.cfbundle; includeInIndex = 0; path = HorizonCameraTests.xctest; sourceTree = BUILT_PRODUCTS_DIR; };
BA1313667AFF67C3D4D3D6F1 = { isa = XCBuildConfiguration; buildSettings = { PRODUCT_BUNDLE_IDENTIFIER = "app.eyad.HorizonCameraTests"; PRODUCT_NAME = "$(TARGET_NAME)"; GENERATE_INFOPLIST_FILE = "YES"; TARGETED_DEVICE_FAMILY = "1"; SUPPORTED_PLATFORMS = "iphoneos iphonesimulator"; SUPPORTS_MACCATALYST = "NO"; TEST_HOST = "$(BUILT_PRODUCTS_DIR)/HorizonCamera.app/HorizonCamera"; BUNDLE_LOADER = "$(TEST_HOST)"; CODE_SIGN_STYLE = "Automatic"; DEVELOPMENT_TEAM = ""; LD_RUNPATH_SEARCH_PATHS = "$(inherited) @executable_path/Frameworks @loader_path/Frameworks"; }; name = Debug; };
BCE16DD0260827ECF338C787 = { isa = PBXSourcesBuildPhase; buildActionMask = 2147483647; files = (4F7768FD0099F458D0EF3518,532DDC19413D98F8450D721B,4467BCA57ECCE19A93AC81F0,A95C9059D71B242EFF8B70DB,319918214E81EB1CF4A43268,8686C8D52D42C132B2285D32,C15BF2BDFFF727A5B1DDDDE3,9DDEB05F99AF5F17D63E865D,D1A5ED9A9DF3DE514615AC6A,4141995CF5A1FF5A819D4C72,F6E18F2C4177111849F13E11,BDCE64399AA0065231368C9B,4838CAA709B2B6A12ECF1C7E,DEF1F85BF9512C1E0C815251,2D31021B4560F38FB3F12AFA,A535FAD423116C59BFDABAE2,96AE4B927B97574D428D6D5A,3548182D3DDC47AC0298577F,9FDC2482B27252D113E5254A,0500CD7BA9D4ED976FD35F00,CA293BA9E674AA45DA5E3538,); runOnlyForDeploymentPostprocessing = 0; };
BDCE64399AA0065231368C9B = { isa = PBXBuildFile; fileRef = 907078F0786120FA70628FB8; };
BECB265224D91761C05FDA33 = { isa = XCConfigurationList; buildConfigurations = (BA1313667AFF67C3D4D3D6F1,DA3246F3964ABD33305FD4C3,); defaultConfigurationIsVisible = 0; defaultConfigurationName = Debug; };
C0566E27E6396AE20DE4036C = { isa = PBXFileReference; lastKnownFileType = folder.assetcatalog; path = "App/Assets.xcassets"; sourceTree = "<group>"; };
C15BF2BDFFF727A5B1DDDDE3 = { isa = PBXBuildFile; fileRef = 66BDD756CF18A1CD85A53A5C; };
CA293BA9E674AA45DA5E3538 = { isa = PBXBuildFile; fileRef = 2574296FF956C7116C0C40AD; };
D1A5ED9A9DF3DE514615AC6A = { isa = PBXBuildFile; fileRef = 03A1118FDAAC8A41A90BE8AC; };
D61E3363DEF3F4E448C68105 = { isa = XCConfigurationList; buildConfigurations = (59E1BEE911F66DA37FEBACDC,F4C425279CD5DDD18FD6DC6D,); defaultConfigurationIsVisible = 0; defaultConfigurationName = Release; };
DA3246F3964ABD33305FD4C3 = { isa = XCBuildConfiguration; buildSettings = { PRODUCT_BUNDLE_IDENTIFIER = "app.eyad.HorizonCameraTests"; PRODUCT_NAME = "$(TARGET_NAME)"; GENERATE_INFOPLIST_FILE = "YES"; TARGETED_DEVICE_FAMILY = "1"; SUPPORTED_PLATFORMS = "iphoneos iphonesimulator"; SUPPORTS_MACCATALYST = "NO"; TEST_HOST = "$(BUILT_PRODUCTS_DIR)/HorizonCamera.app/HorizonCamera"; BUNDLE_LOADER = "$(TEST_HOST)"; CODE_SIGN_STYLE = "Automatic"; DEVELOPMENT_TEAM = ""; LD_RUNPATH_SEARCH_PATHS = "$(inherited) @executable_path/Frameworks @loader_path/Frameworks"; }; name = Release; };
DE02B80000AF3E23D3EB941E = { isa = PBXFileReference; lastKnownFileType = sourcecode.swift; path = "App/MediaLibraryView.swift"; sourceTree = "<group>"; };
DEF1F85BF9512C1E0C815251 = { isa = PBXBuildFile; fileRef = FF7ABA6EC1B2B22D43727C58; };
E90D0F4DCACD254DB44C6F9B = { isa = PBXFileReference; lastKnownFileType = text.xml; path = "App/PrivacyInfo.xcprivacy"; sourceTree = "<group>"; };
EE8BFB866EEF3076B0736B6A = { isa = PBXFileReference; lastKnownFileType = sourcecode.swift; path = "App/MovieRecorder.swift"; sourceTree = "<group>"; };
F4C425279CD5DDD18FD6DC6D = { isa = XCBuildConfiguration; buildSettings = { PRODUCT_BUNDLE_IDENTIFIER = "app.eyad.HorizonCamera"; PRODUCT_NAME = "$(TARGET_NAME)"; INFOPLIST_FILE = "App/Info.plist"; GENERATE_INFOPLIST_FILE = "NO"; TARGETED_DEVICE_FAMILY = "1"; SUPPORTED_PLATFORMS = "iphoneos iphonesimulator"; SUPPORTS_MACCATALYST = "NO"; SUPPORTS_MAC_DESIGNED_FOR_IPHONE_IPAD = "NO"; ASSETCATALOG_COMPILER_APPICON_NAME = "AppIcon"; MARKETING_VERSION = "1.0.0"; CURRENT_PROJECT_VERSION = "1"; CODE_SIGN_STYLE = "Automatic"; DEVELOPMENT_TEAM = ""; LD_RUNPATH_SEARCH_PATHS = "$(inherited) @executable_path/Frameworks"; SWIFT_EMIT_LOC_STRINGS = "NO"; ENABLE_BITCODE = "NO"; }; name = Release; };
F6E18F2C4177111849F13E11 = { isa = PBXBuildFile; fileRef = 23ED8537F7F6A36DCEB2EE9B; };
F7E48C166B6329FFB0C49C8F = { isa = PBXFileReference; lastKnownFileType = sourcecode.swift; path = "App/PhotoCapture.swift"; sourceTree = "<group>"; };
FBDC4F23F93125BBEEAE800C = { isa = PBXGroup; children = (B7480EC88B7F22D0A4757273,38A007151ABE87CC01A5B6E9,); name = Products; sourceTree = "<group>"; };
FF7ABA6EC1B2B22D43727C58 = { isa = PBXFileReference; lastKnownFileType = sourcecode.swift; path = "App/MetalPreview.swift"; sourceTree = "<group>"; };
}; rootObject = 98F54143AB4E86B28C3AFEE0; }
